// !$*UTF8*$!
{
	archiveVersion = 1;
	classes = {
	};
	objectVersion = 56;
	objects = {

/* Begin PBXBuildFile section */
		EBE75CB82A850A6A00A0AC8C /* ChangingColorAlphaViewController.swift in Sources */ = {isa = PBXBuildFile; fileRef = EBE75CB72A850A6A00A0AC8C /* ChangingColorAlphaViewController.swift */; };
		EBF220CB2A83D7880073D5B5 /* AppDelegate.swift in Sources */ = {isa = PBXBuildFile; fileRef = EBF220CA2A83D7880073D5B5 /* AppDelegate.swift */; };
		EBF220CD2A83D7880073D5B5 /* SceneDelegate.swift in Sources */ = {isa = PBXBuildFile; fileRef = EBF220CC2A83D7880073D5B5 /* SceneDelegate.swift */; };
		EBF220CF2A83D7880073D5B5 /* TimeCounterAnimationViewController.swift in Sources */ = {isa = PBXBuildFile; fileRef = EBF220CE2A83D7880073D5B5 /* TimeCounterAnimationViewController.swift */; };
		EBF220D22A83D7880073D5B5 /* Main.storyboard in Resources */ = {isa = PBXBuildFile; fileRef = EBF220D02A83D7880073D5B5 /* Main.storyboard */; };
		EBF220D42A83D7880073D5B5 /* Assets.xcassets in Resources */ = {isa = PBXBuildFile; fileRef = EBF220D32A83D7880073D5B5 /* Assets.xcassets */; };
		EBF220D72A83D7890073D5B5 /* LaunchScreen.storyboard in Resources */ = {isa = PBXBuildFile; fileRef = EBF220D52A83D7890073D5B5 /* LaunchScreen.storyboard */; };
		EBF220E02A83D7EF0073D5B5 /* InitialViewController.swift in Sources */ = {isa = PBXBuildFile; fileRef = EBF220DF2A83D7EF0073D5B5 /* InitialViewController.swift */; };
/* End PBXBuildFile section */

/* Begin PBXFileReference section */
		EBE75CB72A850A6A00A0AC8C /* ChangingColorAlphaViewController.swift */ = {isa = PBXFileReference; lastKnownFileType = sourcecode.swift; path = ChangingColorAlphaViewController.swift; sourceTree = "<group>"; };
		EBF220C72A83D7880073D5B5 /* CADISplayLink.app */ = {isa = PBXFileReference; explicitFileType = wrapper.application; includeInIndex = 0; path = CADISplayLink.app; sourceTree = BUILT_PRODUCTS_DIR; };
		EBF220CA2A83D7880073D5B5 /* AppDelegate.swift */ = {isa = PBXFileReference; lastKnownFileType = sourcecode.swift; path = AppDelegate.swift; sourceTree = "<group>"; };
		EBF220CC2A83D7880073D5B5 /* SceneDelegate.swift */ = {isa = PBXFileReference; lastKnownFileType = sourcecode.swift; path = SceneDelegate.swift; sourceTree = "<group>"; };
		EBF220CE2A83D7880073D5B5 /* TimeCounterAnimationViewController.swift */ = {isa = PBXFileReference; lastKnownFileType = sourcecode.swift; path = TimeCounterAnimationViewController.swift; sourceTree = "<group>"; };
		EBF220D12A83D7880073D5B5 /* Base */ = {isa = PBXFileReference; lastKnownFileType = file.storyboard; name = Base; path = Base.lproj/Main.storyboard; sourceTree = "<group>"; };
		EBF220D32A83D7880073D5B5 /* Assets.xcassets */ = {isa = PBXFileReference; lastKnownFileType = folder.assetcatalog; path = Assets.xcassets; sourceTree = "<group>"; };
		EBF220D62A83D7890073D5B5 /* Base */ = {isa = PBXFileReference; lastKnownFileType = file.storyboard; name = Base; path = Base.lproj/LaunchScreen.storyboard; sourceTree = "<group>"; };
		EBF220D82A83D7890073D5B5 /* Info.plist */ = {isa = PBXFileReference; lastKnownFileType = text.plist.xml; path = Info.plist; sourceTree = "<group>"; };
		EBF220DF2A83D7EF0073D5B5 /* InitialViewController.swift */ = {isa = PBXFileReference; lastKnownFileType = sourcecode.swift; path = InitialViewController.swift; sourceTree = "<group>"; };
/* End PBXFileReference section */

/* Begin PBXFrameworksBuildPhase section */
		EBF220C42A83D7880073D5B5 /* Frameworks */ = {
			isa = PBXFrameworksBuildPhase;
			buildActionMask = 2147483647;
			files = (
			);
			runOnlyForDeploymentPostprocessing = 0;
		};
/* End PBXFrameworksBuildPhase section */

/* Begin PBXGroup section */
		EBE75CB62A850A4200A0AC8C /* ChangingColorAlphaAnimation */ = {
			isa = PBXGroup;
			children = (
				EBE75CB72A850A6A00A0AC8C /* ChangingColorAlphaViewController.swift */,
			);
			path = ChangingColorAlphaAnimation;
			sourceTree = "<group>";
		};
		EBF220BE2A83D7880073D5B5 = {
			isa = PBXGroup;
			children = (
				EBF220C92A83D7880073D5B5 /* CADISplayLink */,
				EBF220C82A83D7880073D5B5 /* Products */,
			);
			sourceTree = "<group>";
		};
		EBF220C82A83D7880073D5B5 /* Products */ = {
			isa = PBXGroup;
			children = (
				EBF220C72A83D7880073D5B5 /* CADISplayLink.app */,
			);
			name = Products;
			sourceTree = "<group>";
		};
		EBF220C92A83D7880073D5B5 /* CADISplayLink */ = {
			isa = PBXGroup;
			children = (
				EBF220CA2A83D7880073D5B5 /* AppDelegate.swift */,
				EBF220CC2A83D7880073D5B5 /* SceneDelegate.swift */,
				EBF220DF2A83D7EF0073D5B5 /* InitialViewController.swift */,
				EBF220E22A83D88E0073D5B5 /* StoryBoards */,
				EBF220DE2A83D7910073D5B5 /* TimeCounterAnimation */,
				EBE75CB62A850A4200A0AC8C /* ChangingColorAlphaAnimation */,
				EBF220E12A83D7F40073D5B5 /* Resources */,
			);
			path = CADISplayLink;
			sourceTree = "<group>";
		};
		EBF220DE2A83D7910073D5B5 /* TimeCounterAnimation */ = {
			isa = PBXGroup;
			children = (
				EBF220CE2A83D7880073D5B5 /* TimeCounterAnimationViewController.swift */,
			);
			path = TimeCounterAnimation;
			sourceTree = "<group>";
		};
		EBF220E12A83D7F40073D5B5 /* Resources */ = {
			isa = PBXGroup;
			children = (
				EBF220D82A83D7890073D5B5 /* Info.plist */,
				EBF220D32A83D7880073D5B5 /* Assets.xcassets */,
			);
			path = Resources;
			sourceTree = "<group>";
		};
		EBF220E22A83D88E0073D5B5 /* StoryBoards */ = {
			isa = PBXGroup;
			children = (
				EBF220D52A83D7890073D5B5 /* LaunchScreen.storyboard */,
				EBF220D02A83D7880073D5B5 /* Main.storyboard */,
			);
			path = StoryBoards;
			sourceTree = "<group>";
		};
/* End PBXGroup section */

/* Begin PBXNativeTarget section */
		EBF220C62A83D7880073D5B5 /* CADISplayLink */ = {
			isa = PBXNativeTarget;
			buildConfigurationList = EBF220DB2A83D7890073D5B5 /* Build configuration list for PBXNativeTarget "CADISplayLink" */;
			buildPhases = (
				EBF220C32A83D7880073D5B5 /* Sources */,
				EBF220C42A83D7880073D5B5 /* Frameworks */,
				EBF220C52A83D7880073D5B5 /* Resources */,
			);
			buildRules = (
			);
			dependencies = (
			);
			name = CADISplayLink;
			productName = CADISplayLink;
			productReference = EBF220C72A83D7880073D5B5 /* CADISplayLink.app */;
			productType = "com.apple.product-type.application";
		};
/* End PBXNativeTarget section */

/* Begin PBXProject section */
		EBF220BF2A83D7880073D5B5 /* Project object */ = {
			isa = PBXProject;
			attributes = {
				BuildIndependentTargetsInParallel = 1;
				LastSwiftUpdateCheck = 1430;
				LastUpgradeCheck = 1430;
				TargetAttributes = {
					EBF220C62A83D7880073D5B5 = {
						CreatedOnToolsVersion = 14.3.1;
					};
				};
			};
			buildConfigurationList = EBF220C22A83D7880073D5B5 /* Build configuration list for PBXProject "CADISplayLink" */;
			compatibilityVersion = "Xcode 14.0";
			developmentRegion = en;
			hasScannedForEncodings = 0;
			knownRegions = (
				en,
				Base,
			);
			mainGroup = EBF220BE2A83D7880073D5B5;
			productRefGroup = EBF220C82A83D7880073D5B5 /* Products */;
			projectDirPath = "";
			projectRoot = "";
			targets = (
				EBF220C62A83D7880073D5B5 /* CADISplayLink */,
			);
		};
/* End PBXProject section */

/* Begin PBXResourcesBuildPhase section */
		EBF220C52A83D7880073D5B5 /* Resources */ = {
			isa = PBXResourcesBuildPhase;
			buildActionMask = 2147483647;
			files = (
				EBF220D72A83D7890073D5B5 /* LaunchScreen.storyboard in Resources */,
				EBF220D42A83D7880073D5B5 /* Assets.xcassets in Resources */,
				EBF220D22A83D7880073D5B5 /* Main.storyboard in Resources */,
			);
			runOnlyForDeploymentPostprocessing = 0;
		};
/* End PBXResourcesBuildPhase section */

/* Begin PBXSourcesBuildPhase section */
		EBF220C32A83D7880073D5B5 /* Sources */ = {
			isa = PBXSourcesBuildPhase;
			buildActionMask = 2147483647;
			files = (
				EBF220CF2A83D7880073D5B5 /* TimeCounterAnimationViewController.swift in Sources */,
				EBE75CB82A850A6A00A0AC8C /* ChangingColorAlphaViewController.swift in Sources */,
				EBF220CB2A83D7880073D5B5 /* AppDelegate.swift in Sources */,
				EBF220CD2A83D7880073D5B5 /* SceneDelegate.swift in Sources */,
				EBF220E02A83D7EF0073D5B5 /* InitialViewController.swift in Sources */,
			);
			runOnlyForDeploymentPostprocessing = 0;
		};
/* End PBXSourcesBuildPhase section */

/* Begin PBXVariantGroup section */
		EBF220D02A83D7880073D5B5 /* Main.storyboard */ = {
			isa = PBXVariantGroup;
			children = (
				EBF220D12A83D7880073D5B5 /* Base */,
			);
			name = Main.storyboard;
			sourceTree = "<group>";
		};
		EBF220D52A83D7890073D5B5 /* LaunchScreen.storyboard */ = {
			isa = PBXVariantGroup;
			children = (
				EBF220D62A83D7890073D5B5 /* Base */,
			);
			name = LaunchScreen.storyboard;
			sourceTree = "<group>";
		};
/* End PBXVariantGroup section */

/* Begin XCBuildConfiguration section */
		EBF220D92A83D7890073D5B5 /* Debug */ = {
			isa = XCBuildConfiguration;
			buildSettings = {
				ALWAYS_SEARCH_USER_PATHS = NO;
				CLANG_ANALYZER_NONNULL = YES;
				CLANG_ANALYZER_NUMBER_OBJECT_CONVERSION = YES_AGGRESSIVE;
				CLANG_CXX_LANGUAGE_STANDARD = "gnu++20";
				CLANG_ENABLE_MODULES = YES;
				CLANG_ENABLE_OBJC_ARC = YES;
				CLANG_ENABLE_OBJC_WEAK = YES;
				CLANG_WARN_BLOCK_CAPTURE_AUTORELEASING = YES;
				CLANG_WARN_BOOL_CONVERSION = YES;
				CLANG_WARN_COMMA = YES;
				CLANG_WARN_CONSTANT_CONVERSION = YES;
				CLANG_WARN_DEPRECATED_OBJC_IMPLEMENTATIONS = YES;
				CLANG_WARN_DIRECT_OBJC_ISA_USAGE = YES_ERROR;
				CLANG_WARN_DOCUMENTATION_COMMENTS = YES;
				CLANG_WARN_EMPTY_BODY = YES;
				CLANG_WARN_ENUM_CONVERSION = YES;
				CLANG_WARN_INFINITE_RECURSION = YES;
				CLANG_WARN_INT_CONVERSION = YES;
				CLANG_WARN_NON_LITERAL_NULL_CONVERSION = YES;
				CLANG_WARN_OBJC_IMPLICIT_RETAIN_SELF = YES;
				CLANG_WARN_OBJC_LITERAL_CONVERSION = YES;
				CLANG_WARN_OBJC_ROOT_CLASS = YES_ERROR;
				CLANG_WARN_QUOTED_INCLUDE_IN_FRAMEWORK_HEADER = YES;
				CLANG_WARN_RANGE_LOOP_ANALYSIS = YES;
				CLANG_WARN_STRICT_PROTOTYPES = YES;
				CLANG_WARN_SUSPICIOUS_MOVE = YES;
				CLANG_WARN_UNGUARDED_AVAILABILITY = YES_AGGRESSIVE;
				CLANG_WARN_UNREACHABLE_CODE = YES;
				CLANG_WARN__DUPLICATE_METHOD_MATCH = YES;
				COPY_PHASE_STRIP = NO;
				DEBUG_INFORMATION_FORMAT = dwarf;
				ENABLE_STRICT_OBJC_MSGSEND = YES;
				ENABLE_TESTABILITY = YES;
				GCC_C_LANGUAGE_STANDARD = gnu11;
				GCC_DYNAMIC_NO_PIC = NO;
				GCC_NO_COMMON_BLOCKS = YES;
				GCC_OPTIMIZATION_LEVEL = 0;
				GCC_PREPROCESSOR_DEFINITIONS = (
					"DEBUG=1",
					"$(inherited)",
				);
				GCC_WARN_64_TO_32_BIT_CONVERSION = YES;
				GCC_WARN_ABOUT_RETURN_TYPE = YES_ERROR;
				GCC_WARN_UNDECLARED_SELECTOR = YES;
				GCC_WARN_UNINITIALIZED_AUTOS = YES_AGGRESSIVE;
				GCC_WARN_UNUSED_FUNCTION = YES;
				GCC_WARN_UNUSED_VARIABLE = YES;
				IPHONEOS_DEPLOYMENT_TARGET = 16.4;
				MTL_ENABLE_DEBUG_INFO = INCLUDE_SOURCE;
				MTL_FAST_MATH = YES;
				ONLY_ACTIVE_ARCH = YES;
				SDKROOT = iphoneos;
				SWIFT_ACTIVE_COMPILATION_CONDITIONS = DEBUG;
				SWIFT_OPTIMIZATION_LEVEL = "-Onone";
			};
			name = Debug;
		};
		EBF220DA2A83D7890073D5B5 /* Release */ = {
			isa = XCBuildConfiguration;
			buildSettings = {
				ALWAYS_SEARCH_USER_PATHS = NO;
				CLANG_ANALYZER_NONNULL = YES;
				CLANG_ANALYZER_NUMBER_OBJECT_CONVERSION = YES_AGGRESSIVE;
				CLANG_CXX_LANGUAGE_STANDARD = "gnu++20";
				CLANG_ENABLE_MODULES = YES;
				CLANG_ENABLE_OBJC_ARC = YES;
				CLANG_ENABLE_OBJC_WEAK = YES;
				CLANG_WARN_BLOCK_CAPTURE_AUTORELEASING = YES;
				CLANG_WARN_BOOL_CONVERSION = YES;
				CLANG_WARN_COMMA = YES;
				CLANG_WARN_CONSTANT_CONVERSION = YES;
				CLANG_WARN_DEPRECATED_OBJC_IMPLEMENTATIONS = YES;
				CLANG_WARN_DIRECT_OBJC_ISA_USAGE = YES_ERROR;
				CLANG_WARN_DOCUMENTATION_COMMENTS = YES;
				CLANG_WARN_EMPTY_BODY = YES;
				CLANG_WARN_ENUM_CONVERSION = YES;
				CLANG_WARN_INFINITE_RECURSION = YES;
				CLANG_WARN_INT_CONVERSION = YES;
				CLANG_WARN_NON_LITERAL_NULL_CONVERSION = YES;
				CLANG_WARN_OBJC_IMPLICIT_RETAIN_SELF = YES;
				CLANG_WARN_OBJC_LITERAL_CONVERSION = YES;
				CLANG_WARN_OBJC_ROOT_CLASS = YES_ERROR;
				CLANG_WARN_QUOTED_INCLUDE_IN_FRAMEWORK_HEADER = YES;
				CLANG_WARN_RANGE_LOOP_ANALYSIS = YES;
				CLANG_WARN_STRICT_PROTOTYPES = YES;
				CLANG_WARN_SUSPICIOUS_MOVE = YES;
				CLANG_WARN_UNGUARDED_AVAILABILITY = YES_AGGRESSIVE;
				CLANG_WARN_UNREACHABLE_CODE = YES;
				CLANG_WARN__DUPLICATE_METHOD_MATCH = YES;
				COPY_PHASE_STRIP = NO;
				DEBUG_INFORMATION_FORMAT = "dwarf-with-dsym";
				ENABLE_NS_ASSERTIONS = NO;
				ENABLE_STRICT_OBJC_MSGSEND = YES;
				GCC_C_LANGUAGE_STANDARD = gnu11;
				GCC_NO_COMMON_BLOCKS = YES;
				GCC_WARN_64_TO_32_BIT_CONVERSION = YES;
				GCC_WARN_ABOUT_RETURN_TYPE = YES_ERROR;
				GCC_WARN_UNDECLARED_SELECTOR = YES;
				GCC_WARN_UNINITIALIZED_AUTOS = YES_AGGRESSIVE;
				GCC_WARN_UNUSED_FUNCTION = YES;
				GCC_WARN_UNUSED_VARIABLE = YES;
				IPHONEOS_DEPLOYMENT_TARGET = 16.4;
				MTL_ENABLE_DEBUG_INFO = NO;
				MTL_FAST_MATH = YES;
				SDKROOT = iphoneos;
				SWIFT_COMPILATION_MODE = wholemodule;
				SWIFT_OPTIMIZATION_LEVEL = "-O";
				VALIDATE_PRODUCT = YES;
			};
			name = Release;
		};
		EBF220DC2A83D7890073D5B5 /* Debug */ = {
			isa = XCBuildConfiguration;
			buildSettings = {
				ASSETCATALOG_COMPILER_APPICON_NAME = AppIcon;
				ASSETCATALOG_COMPILER_GLOBAL_ACCENT_COLOR_NAME = AccentColor;
				CODE_SIGN_STYLE = Automatic;
				CURRENT_PROJECT_VERSION = 1;
				DEVELOPMENT_TEAM = M4K2UP2N9Q;
				GENERATE_INFOPLIST_FILE = YES;
				INFOPLIST_FILE = CADISplayLink/Resources/Info.plist;
				INFOPLIST_KEY_UIApplicationSupportsIndirectInputEvents = YES;
				INFOPLIST_KEY_UILaunchStoryboardName = LaunchScreen;
				INFOPLIST_KEY_UIMainStoryboardFile = Main;
				INFOPLIST_KEY_UISupportedInterfaceOrientations_iPad = "UIInterfaceOrientationPortrait UIInterfaceOrientationPortraitUpsideDown UIInterfaceOrientationLandscapeLeft UIInterfaceOrientationLandscapeRight";
				INFOPLIST_KEY_UISupportedInterfaceOrientations_iPhone = "UIInterfaceOrientationPortrait UIInterfaceOrientationLandscapeLeft UIInterfaceOrientationLandscapeRight";
				LD_RUNPATH_SEARCH_PATHS = (
					"$(inherited)",
					"@executable_path/Frameworks",
				);
				MARKETING_VERSION = 1.0;
				PRODUCT_BUNDLE_IDENTIFIER = com.azhman.adam.CADISplayLink;
				PRODUCT_NAME = "$(TARGET_NAME)";
				SWIFT_EMIT_LOC_STRINGS = YES;
				SWIFT_VERSION = 5.0;
				TARGETED_DEVICE_FAMILY = "1,2";
			};
			name = Debug;
		};
		EBF220DD2A83D7890073D5B5 /* Release */ = {
			isa = XCBuildConfiguration;
			buildSettings = {
				ASSETCATALOG_COMPILER_APPICON_NAME = AppIcon;
				ASSETCATALOG_COMPILER_GLOBAL_ACCENT_COLOR_NAME = AccentColor;
				CODE_SIGN_STYLE = Automatic;
				CURRENT_PROJECT_VERSION = 1;
				DEVELOPMENT_TEAM = M4K2UP2N9Q;
				GENERATE_INFOPLIST_FILE = YES;
				INFOPLIST_FILE = CADISplayLink/Resources/Info.plist;
				INFOPLIST_KEY_UIApplicationSupportsIndirectInputEvents = YES;
				INFOPLIST_KEY_UILaunchStoryboardName = LaunchScreen;
				INFOPLIST_KEY_UIMainStoryboardFile = Main;
				INFOPLIST_KEY_UISupportedInterfaceOrientations_iPad = "UIInterfaceOrientationPortrait UIInterfaceOrientationPortraitUpsideDown UIInterfaceOrientationLandscapeLeft UIInterfaceOrientationLandscapeRight";
				INFOPLIST_KEY_UISupportedInterfaceOrientations_iPhone = "UIInterfaceOrientationPortrait UIInterfaceOrientationLandscapeLeft UIInterfaceOrientationLandscapeRight";
				LD_RUNPATH_SEARCH_PATHS = (
					"$(inherited)",
					"@executable_path/Frameworks",
				);
				MARKETING_VERSION = 1.0;
				PRODUCT_BUNDLE_IDENTIFIER = com.azhman.adam.CADISplayLink;
				PRODUCT_NAME = "$(TARGET_NAME)";
				SWIFT_EMIT_LOC_STRINGS = YES;
				SWIFT_VERSION = 5.0;
				TARGETED_DEVICE_FAMILY = "1,2";
			};
			name = Release;
		};
/* End XCBuildConfiguration section */

/* Begin XCConfigurationList section */
		EBF220C22A83D7880073D5B5 /* Build configuration list for PBXProject "CADISplayLink" */ = {
			isa = XCConfigurationList;
			buildConfigurations = (
				EBF220D92A83D7890073D5B5 /* Debug */,
				EBF220DA2A83D7890073D5B5 /* Release */,
			);
			defaultConfigurationIsVisible = 0;
			defaultConfigurationName = Release;
		};
		EBF220DB2A83D7890073D5B5 /* Build configuration list for PBXNativeTarget "CADISplayLink" */ = {
			isa = XCConfigurationList;
			buildConfigurations = (
				EBF220DC2A83D7890073D5B5 /* Debug */,
				EBF220DD2A83D7890073D5B5 /* Release */,
			);
			defaultConfigurationIsVisible = 0;
			defaultConfigurationName = Release;
		};
/* End XCConfigurationList section */
	};
	rootObject = EBF220BF2A83D7880073D5B5 /* Project object */;
}
